// !$*UTF8*$!
{
	archiveVersion = 1;
	classes = {
	};
	objectVersion = 46;
	objects = {

/* Begin PBXBuildFile section */
		8E3628B51BD27FF00034C393 /* FMGAVPlayer.bundle in Resources */ = {isa = PBXBuildFile; fileRef = 8E3628AD1BD27FF00034C393 /* FMGAVPlayer.bundle */; settings = {ASSET_TAGS = (); }; };
		8E3628B61BD27FF00034C393 /* FMGVideoPlayView.m in Sources */ = {isa = PBXBuildFile; fileRef = 8E3628AF1BD27FF00034C393 /* FMGVideoPlayView.m */; settings = {ASSET_TAGS = (); }; };
		8E3628B71BD27FF00034C393 /* FMGVideoPlayView.xib in Resources */ = {isa = PBXBuildFile; fileRef = 8E3628B01BD27FF00034C393 /* FMGVideoPlayView.xib */; settings = {ASSET_TAGS = (); }; };
		8E3628B81BD27FF00034C393 /* FullView.m in Sources */ = {isa = PBXBuildFile; fileRef = 8E3628B21BD27FF00034C393 /* FullView.m */; settings = {ASSET_TAGS = (); }; };
		8E3628B91BD27FF00034C393 /* FullViewController.m in Sources */ = {isa = PBXBuildFile; fileRef = 8E3628B41BD27FF00034C393 /* FullViewController.m */; settings = {ASSET_TAGS = (); }; };
		8EBF07661BCC090D0089C137 /* main.m in Sources */ = {isa = PBXBuildFile; fileRef = 8EBF07651BCC090D0089C137 /* main.m */; };
		8EBF07691BCC090D0089C137 /* AppDelegate.m in Sources */ = {isa = PBXBuildFile; fileRef = 8EBF07681BCC090D0089C137 /* AppDelegate.m */; };
		8EBF076C1BCC090D0089C137 /* ViewController.m in Sources */ = {isa = PBXBuildFile; fileRef = 8EBF076B1BCC090D0089C137 /* ViewController.m */; };
		8EBF076F1BCC090D0089C137 /* Main.storyboard in Resources */ = {isa = PBXBuildFile; fileRef = 8EBF076D1BCC090D0089C137 /* Main.storyboard */; };
		8EBF07711BCC090D0089C137 /* Assets.xcassets in Resources */ = {isa = PBXBuildFile; fileRef = 8EBF07701BCC090D0089C137 /* Assets.xcassets */; };
		8EBF07741BCC090D0089C137 /* LaunchScreen.storyboard in Resources */ = {isa = PBXBuildFile; fileRef = 8EBF07721BCC090D0089C137 /* LaunchScreen.storyboard */; };
/* End PBXBuildFile section */

/* Begin PBXFileReference section */
		8E3628AD1BD27FF00034C393 /* FMGAVPlayer.bundle */ = {isa = PBXFileReference; lastKnownFileType = "wrapper.plug-in"; path = FMGAVPlayer.bundle; sourceTree = "<group>"; };
		8E3628AE1BD27FF00034C393 /* FMGVideoPlayView.h */ = {isa = PBXFileReference; fileEncoding = 4; lastKnownFileType = sourcecode.c.h; path = FMGVideoPlayView.h; sourceTree = "<group>"; };
		8E3628AF1BD27FF00034C393 /* FMGVideoPlayView.m */ = {isa = PBXFileReference; fileEncoding = 4; lastKnownFileType = sourcecode.c.objc; path = FMGVideoPlayView.m; sourceTree = "<group>"; };
		8E3628B01BD27FF00034C393 /* FMGVideoPlayView.xib */ = {isa = PBXFileReference; fileEncoding = 4; lastKnownFileType = file.xib; path = FMGVideoPlayView.xib; sourceTree = "<group>"; };
		8E3628B11BD27FF00034C393 /* FullView.h */ = {isa = PBXFileReference; fileEncoding = 4; lastKnownFileType = sourcecode.c.h; path = FullView.h; sourceTree = "<group>"; };
		8E3628B21BD27FF00034C393 /* FullView.m */ = {isa = PBXFileReference; fileEncoding = 4; lastKnownFileType = sourcecode.c.objc; path = FullView.m; sourceTree = "<group>"; };
		8E3628B31BD27FF00034C393 /* FullViewController.h */ = {isa = PBXFileReference; fileEncoding = 4; lastKnownFileType = sourcecode.c.h; path = FullViewController.h; sourceTree = "<group>"; };
		8E3628B41BD27FF00034C393 /* FullViewController.m */ = {isa = PBXFileReference; fileEncoding = 4; lastKnownFileType = sourcecode.c.objc; path = FullViewController.m; sourceTree = "<group>"; };
		8EBF07611BCC090D0089C137 /* FMGAVPlayerDemo.app */ = {isa = PBXFileReference; explicitFileType = wrapper.application; includeInIndex = 0; path = FMGAVPlayerDemo.app; sourceTree = BUILT_PRODUCTS_DIR; };
		8EBF07651BCC090D0089C137 /* main.m */ = {isa = PBXFileReference; lastKnownFileType = sourcecode.c.objc; path = main.m; sourceTree = "<group>"; };
		8EBF07671BCC090D0089C137 /* AppDelegate.h */ = {isa = PBXFileReference; lastKnownFileType = sourcecode.c.h; path = AppDelegate.h; sourceTree = "<group>"; };
		8EBF07681BCC090D0089C137 /* AppDelegate.m */ = {isa = PBXFileReference; lastKnownFileType = sourcecode.c.objc; path = AppDelegate.m; sourceTree = "<group>"; };
		8EBF076A1BCC090D0089C137 /* ViewController.h */ = {isa = PBXFileReference; lastKnownFileType = sourcecode.c.h; path = ViewController.h; sourceTree = "<group>"; };
		8EBF076B1BCC090D0089C137 /* ViewController.m */ = {isa = PBXFileReference; lastKnownFileType = sourcecode.c.objc; path = ViewController.m; sourceTree = "<group>"; };
		8EBF076E1BCC090D0089C137 /* Base */ = {isa = PBXFileReference; lastKnownFileType = file.storyboard; name = Base; path = Base.lproj/Main.storyboard; sourceTree = "<group>"; };
		8EBF07701BCC090D0089C137 /* Assets.xcassets */ = {isa = PBXFileReference; lastKnownFileType = folder.assetcatalog; path = Assets.xcassets; sourceTree = "<group>"; };
		8EBF07731BCC090D0089C137 /* Base */ = {isa = PBXFileReference; lastKnownFileType = file.storyboard; name = Base; path = Base.lproj/LaunchScreen.storyboard; sourceTree = "<group>"; };
		8EBF07751BCC090D0089C137 /* Info.plist */ = {isa = PBXFileReference; lastKnownFileType = text.plist.xml; path = Info.plist; sourceTree = "<group>"; };
/* End PBXFileReference section */

/* Begin PBXFrameworksBuildPhase section */
		8EBF075E1BCC090D0089C137 /* Frameworks */ = {
			isa = PBXFrameworksBuildPhase;
			buildActionMask = 2147483647;
			files = (
			);
			runOnlyForDeploymentPostprocessing = 0;
		};
/* End PBXFrameworksBuildPhase section */

/* Begin PBXGroup section */
		8E3628AC1BD27FF00034C393 /* FMGAVPlayer */ = {
			isa = PBXGroup;
			children = (
				8E3628AD1BD27FF00034C393 /* FMGAVPlayer.bundle */,
				8E3628AE1BD27FF00034C393 /* FMGVideoPlayView.h */,
				8E3628AF1BD27FF00034C393 /* FMGVideoPlayView.m */,
				8E3628B01BD27FF00034C393 /* FMGVideoPlayView.xib */,
				8E3628B11BD27FF00034C393 /* FullView.h */,
				8E3628B21BD27FF00034C393 /* FullView.m */,
				8E3628B31BD27FF00034C393 /* FullViewController.h */,
				8E3628B41BD27FF00034C393 /* FullViewController.m */,
			);
			name = FMGAVPlayer;
			path = ../../FMGAVPlayer;
			sourceTree = "<group>";
		};
		8EBF07581BCC090D0089C137 = {
			isa = PBXGroup;
			children = (
				8EBF07631BCC090D0089C137 /* FMGAVPlayerDemo */,
				8EBF07621BCC090D0089C137 /* Products */,
			);
			sourceTree = "<group>";
		};
		8EBF07621BCC090D0089C137 /* Products */ = {
			isa = PBXGroup;
			children = (
				8EBF07611BCC090D0089C137 /* FMGAVPlayerDemo.app */,
			);
			name = Products;
			sourceTree = "<group>";
		};
		8EBF07631BCC090D0089C137 /* FMGAVPlayerDemo */ = {
			isa = PBXGroup;
			children = (
				8E3628AC1BD27FF00034C393 /* FMGAVPlayer */,
				8EBF07671BCC090D0089C137 /* AppDelegate.h */,
				8EBF07681BCC090D0089C137 /* AppDelegate.m */,
				8EBF076A1BCC090D0089C137 /* ViewController.h */,
				8EBF076B1BCC090D0089C137 /* ViewController.m */,
				8EBF076D1BCC090D0089C137 /* Main.storyboard */,
				8EBF07701BCC090D0089C137 /* Assets.xcassets */,
				8EBF07721BCC090D0089C137 /* LaunchScreen.storyboard */,
				8EBF07751BCC090D0089C137 /* Info.plist */,
				8EBF07641BCC090D0089C137 /* Supporting Files */,
			);
			path = FMGAVPlayerDemo;
			sourceTree = "<group>";
		};
		8EBF07641BCC090D0089C137 /* Supporting Files */ = {
			isa = PBXGroup;
			children = (
				8EBF07651BCC090D0089C137 /* main.m */,
			);
			name = "Supporting Files";
			sourceTree = "<group>";
		};
/* End PBXGroup section */

/* Begin PBXNativeTarget section */
		8EBF07601BCC090D0089C137 /* FMGAVPlayerDemo */ = {
			isa = PBXNativeTarget;
			buildConfigurationList = 8EBF07781BCC090D0089C137 /* Build configuration list for PBXNativeTarget "FMGAVPlayerDemo" */;
			buildPhases = (
				8EBF075D1BCC090D0089C137 /* Sources */,
				8EBF075E1BCC090D0089C137 /* Frameworks */,
				8EBF075F1BCC090D0089C137 /* Resources */,
			);
			buildRules = (
			);
			dependencies = (
			);
			name = FMGAVPlayerDemo;
			productName = FMGAVPlayerDemo;
			productReference = 8EBF07611BCC090D0089C137 /* FMGAVPlayerDemo.app */;
			productType = "com.apple.product-type.application";
		};
/* End PBXNativeTarget section */

/* Begin PBXProject section */
		8EBF07591BCC090D0089C137 /* Project object */ = {
			isa = PBXProject;
			attributes = {
				LastUpgradeCheck = 0700;
				ORGANIZATIONNAME = FMG;
				TargetAttributes = {
					8EBF07601BCC090D0089C137 = {
						CreatedOnToolsVersion = 7.0;
					};
				};
			};
			buildConfigurationList = 8EBF075C1BCC090D0089C137 /* Build configuration list for PBXProject "FMGAVPlayerDemo" */;
			compatibilityVersion = "Xcode 3.2";
			developmentRegion = English;
			hasScannedForEncodings = 0;
			knownRegions = (
				en,
				Base,
			);
			mainGroup = 8EBF07581BCC090D0089C137;
			productRefGroup = 8EBF07621BCC090D0089C137 /* Products */;
			projectDirPath = "";
			projectRoot = "";
			targets = (
				8EBF07601BCC090D0089C137 /* FMGAVPlayerDemo */,
			);
		};
/* End PBXProject section */

/* Begin PBXResourcesBuildPhase section */
		8EBF075F1BCC090D0089C137 /* Resources */ = {
			isa = PBXResourcesBuildPhase;
			buildActionMask = 2147483647;
			files = (
				8E3628B51BD27FF00034C393 /* FMGAVPlayer.bundle in Resources */,
				8EBF07741BCC090D0089C137 /* LaunchScreen.storyboard in Resources */,
				8EBF07711BCC090D0089C137 /* Assets.xcassets in Resources */,
				8E3628B71BD27FF00034C393 /* FMGVideoPlayView.xib in Resources */,
				8EBF076F1BCC090D0089C137 /* Main.storyboard in Resources */,
			);
			runOnlyForDeploymentPostprocessing = 0;
		};
/* End PBXResourcesBuildPhase section */

/* Begin PBXSourcesBuildPhase section */
		8EBF075D1BCC090D0089C137 /* Sources */ = {
			isa = PBXSourcesBuildPhase;
			buildActionMask = 2147483647;
			files = (
				8EBF076C1BCC090D0089C137 /* ViewController.m in Sources */,
				8E3628B91BD27FF00034C393 /* FullViewController.m in Sources */,
				8EBF07691BCC090D0089C137 /* AppDelegate.m in Sources */,
				8EBF07661BCC090D0089C137 /* main.m in Sources */,
				8E3628B61BD27FF00034C393 /* FMGVideoPlayView.m in Sources */,
				8E3628B81BD27FF00034C393 /* FullView.m in Sources */,
			);
			runOnlyForDeploymentPostprocessing = 0;
		};
/* End PBXSourcesBuildPhase section */

/* Begin PBXVariantGroup section */
		8EBF076D1BCC090D0089C137 /* Main.storyboard */ = {
			isa = PBXVariantGroup;
			children = (
				8EBF076E1BCC090D0089C137 /* Base */,
			);
			name = Main.storyboard;
			sourceTree = "<group>";
		};
		8EBF07721BCC090D0089C137 /* LaunchScreen.storyboard */ = {
			isa = PBXVariantGroup;
			children = (
				8EBF07731BCC090D0089C137 /* Base */,
			);
			name = LaunchScreen.storyboard;
			sourceTree = "<group>";
		};
/* End PBXVariantGroup section */

/* Begin XCBuildConfiguration section */
		8EBF07761BCC090D0089C137 /* Debug */ = {
			isa = XCBuildConfiguration;
			buildSettings = {
				ALWAYS_SEARCH_USER_PATHS = NO;
				CLANG_CXX_LANGUAGE_STANDARD = "gnu++0x";
				CLANG_CXX_LIBRARY = "libc++";
				CLANG_ENABLE_MODULES = YES;
				CLANG_ENABLE_OBJC_ARC = YES;
				CLANG_WARN_BOOL_CONVERSION = YES;
				CLANG_WARN_CONSTANT_CONVERSION = YES;
				CLANG_WARN_DIRECT_OBJC_ISA_USAGE = YES_ERROR;
				CLANG_WARN_EMPTY_BODY = YES;
				CLANG_WARN_ENUM_CONVERSION = YES;
				CLANG_WARN_INT_CONVERSION = YES;
				CLANG_WARN_OBJC_ROOT_CLASS = YES_ERROR;
				CLANG_WARN_UNREACHABLE_CODE = YES;
				CLANG_WARN__DUPLICATE_METHOD_MATCH = YES;
				"CODE_SIGN_IDENTITY[sdk=iphoneos*]" = "iPhone Developer";
				COPY_PHASE_STRIP = NO;
				DEBUG_INFORMATION_FORMAT = dwarf;
				ENABLE_STRICT_OBJC_MSGSEND = YES;
				ENABLE_TESTABILITY = YES;
				GCC_C_LANGUAGE_STANDARD = gnu99;
				GCC_DYNAMIC_NO_PIC = NO;
				GCC_NO_COMMON_BLOCKS = YES;
				GCC_OPTIMIZATION_LEVEL = 0;
				GCC_PREPROCESSOR_DEFINITIONS = (
					"DEBUG=1",
					"$(inherited)",
				);
				GCC_WARN_64_TO_32_BIT_CONVERSION = YES;
				GCC_WARN_ABOUT_RETURN_TYPE = YES_ERROR;
				GCC_WARN_UNDECLARED_SELECTOR = YES;
				GCC_WARN_UNINITIALIZED_AUTOS = YES_AGGRESSIVE;
				GCC_WARN_UNUSED_FUNCTION = YES;
				GCC_WARN_UNUSED_VARIABLE = YES;
				IPHONEOS_DEPLOYMENT_TARGET = 9.0;
				MTL_ENABLE_DEBUG_INFO = YES;
				ONLY_ACTIVE_ARCH = YES;
				SDKROOT = iphoneos;
			};
			name = Debug;
		};
		8EBF07771BCC090D0089C137 /* Release */ = {
			isa = XCBuildConfiguration;
			buildSettings = {
				ALWAYS_SEARCH_USER_PATHS = NO;
				CLANG_CXX_LANGUAGE_STANDARD = "gnu++0x";
				CLANG_CXX_LIBRARY = "libc++";
				CLANG_ENABLE_MODULES = YES;
				CLANG_ENABLE_OBJC_ARC = YES;
				CLANG_WARN_BOOL_CONVERSION = YES;
				CLANG_WARN_CONSTANT_CONVERSION = YES;
				CLANG_WARN_DIRECT_OBJC_ISA_USAGE = YES_ERROR;
				CLANG_WARN_EMPTY_BODY = YES;
				CLANG_WARN_ENUM_CONVERSION = YES;
				CLANG_WARN_INT_CONVERSION = YES;
				CLANG_WARN_OBJC_ROOT_CLASS = YES_ERROR;
				CLANG_WARN_UNREACHABLE_CODE = YES;
				CLANG_WARN__DUPLICATE_METHOD_MATCH = YES;
				"CODE_SIGN_IDENTITY[sdk=iphoneos*]" = "iPhone Developer";
				COPY_PHASE_STRIP = NO;
				DEBUG_INFORMATION_FORMAT = "dwarf-with-dsym";
				ENABLE_NS_ASSERTIONS = NO;
				ENABLE_STRICT_OBJC_MSGSEND = YES;
				GCC_C_LANGUAGE_STANDARD = gnu99;
				GCC_NO_COMMON_BLOCKS = YES;
				GCC_WARN_64_TO_32_BIT_CONVERSION = YES;
				GCC_WARN_ABOUT_RETURN_TYPE = YES_ERROR;
				GCC_WARN_UNDECLARED_SELECTOR = YES;
				GCC_WARN_UNINITIALIZED_AUTOS = YES_AGGRESSIVE;
				GCC_WARN_UNUSED_FUNCTION = YES;
				GCC_WARN_UNUSED_VARIABLE = YES;
				IPHONEOS_DEPLOYMENT_TARGET = 9.0;
				MTL_ENABLE_DEBUG_INFO = NO;
				SDKROOT = iphoneos;
				VALIDATE_PRODUCT = YES;
			};
			name = Release;
		};
		8EBF07791BCC090D0089C137 /* Debug */ = {
			isa = XCBuildConfiguration;
			buildSettings = {
				ASSETCATALOG_COMPILER_APPICON_NAME = AppIcon;
				INFOPLIST_FILE = FMGAVPlayerDemo/Info.plist;
				IPHONEOS_DEPLOYMENT_TARGET = 8.2;
				LD_RUNPATH_SEARCH_PATHS = "$(inherited) @executable_path/Frameworks";
				PRODUCT_BUNDLE_IDENTIFIER = com.lanou3g.FMGAVPlayerDemo;
				PRODUCT_NAME = "$(TARGET_NAME)";
			};
			name = Debug;
		};
		8EBF077A1BCC090D0089C137 /* Release */ = {
			isa = XCBuildConfiguration;
			buildSettings = {
				ASSETCATALOG_COMPILER_APPICON_NAME = AppIcon;
				INFOPLIST_FILE = FMGAVPlayerDemo/Info.plist;
				IPHONEOS_DEPLOYMENT_TARGET = 8.2;
				LD_RUNPATH_SEARCH_PATHS = "$(inherited) @executable_path/Frameworks";
				PRODUCT_BUNDLE_IDENTIFIER = com.lanou3g.FMGAVPlayerDemo;
				PRODUCT_NAME = "$(TARGET_NAME)";
			};
			name = Release;
		};
/* End XCBuildConfiguration section */

/* Begin XCConfigurationList section */
		8EBF075C1BCC090D0089C137 /* Build configuration list for PBXProject "FMGAVPlayerDemo" */ = {
			isa = XCConfigurationList;
			buildConfigurations = (
				8EBF07761BCC090D0089C137 /* Debug */,
				8EBF07771BCC090D0089C137 /* Release */,
			);
			defaultConfigurationIsVisible = 0;
			defaultConfigurationName = Release;
		};
		8EBF07781BCC090D0089C137 /* Build configuration list for PBXNativeTarget "FMGAVPlayerDemo" */ = {
			isa = XCConfigurationList;
			buildConfigurations = (
				8EBF07791BCC090D0089C137 /* Debug */,
				8EBF077A1BCC090D0089C137 /* Release */,
			);
			defaultConfigurationIsVisible = 0;
			defaultConfigurationName = Release;
		};
/* End XCConfigurationList section */
	};
	rootObject = 8EBF07591BCC090D0089C137 /* Project object */;
}
